
Microsoft Visual Studio Solution File, Format Version 12.00
# Visual Studio Version 17
VisualStudioVersion = 17.0.32014.148
MinimumVisualStudioVersion = 10.0.40219.1
Project("{FAE04EC0-301F-11D3-BF4B-00C04F79EFBC}") = "AdvancedBinding0.Android", "AdvancedBinding0\AdvancedBinding0.Android\AdvancedBinding0.Android.csproj", "{0A467885-51A2-45B2-B941-43BA8A2AAF59}"
EndProject
Project("{FAE04EC0-301F-11D3-BF4B-00C04F79EFBC}") = "AdvancedBinding0.iOS", "AdvancedBinding0\AdvancedBinding0.iOS\AdvancedBinding0.iOS.csproj", "{3E4572DC-86B4-489B-BF0F-81B37218022C}"
EndProject
Project("{FAE04EC0-301F-11D3-BF4B-00C04F79EFBC}") = "AdvancedBinding0", "AdvancedBinding0\AdvancedBinding0\AdvancedBinding0.csproj", "{721F2722-514D-4A6F-BDDF-94C86257A2DE}"
EndProject
Global
	GlobalSection(SolutionConfigurationPlatforms) = preSolution
		Debug|Any CPU = Debug|Any CPU
		Debug|iPhone = Debug|iPhone
		Debug|iPhoneSimulator = Debug|iPhoneSimulator
		Release|Any CPU = Release|Any CPU
		Release|iPhone = Release|iPhone
		Release|iPhoneSimulator = Release|iPhoneSimulator
	EndGlobalSection
	GlobalSection(ProjectConfigurationPlatforms) = postSolution
		{0A467885-51A2-45B2-B941-43BA8A2AAF59}.Debug|Any CPU.ActiveCfg = Debug|Any CPU
		{0A467885-51A2-45B2-B941-43BA8A2AAF59}.Debug|Any CPU.Build.0 = Debug|Any CPU
		{0A467885-51A2-45B2-B941-43BA8A2AAF59}.Debug|Any CPU.Deploy.0 = Debug|Any CPU
		{0A467885-51A2-45B2-B941-43BA8A2AAF59}.Debug|iPhone.ActiveCfg = Debug|Any CPU
		{0A467885-51A2-45B2-B941-43BA8A2AAF59}.Debug|iPhone.Build.0 = Debug|Any CPU
		{0A467885-51A2-45B2-B941-43BA8A2AAF59}.Debug|iPhone.Deploy.0 = Debug|Any CPU
		{0A467885-51A2-45B2-B941-43BA8A2AAF59}.Debug|iPhoneSimulator.ActiveCfg = Debug|Any CPU
		{0A467885-51A2-45B2-B941-43BA8A2AAF59}.Debug|iPhoneSimulator.Build.0 = Debug|Any CPU
		{0A467885-51A2-45B2-B941-43BA8A2AAF59}.Debug|iPhoneSimulator.Deploy.0 = Debug|Any CPU
		{0A467885-51A2-45B2-B941-43BA8A2AAF59}.Release|Any CPU.ActiveCfg = Release|Any CPU
		{0A467885-51A2-45B2-B941-43BA8A2AAF59}.Release|Any CPU.Build.0 = Release|Any CPU
		{0A467885-51A2-45B2-B941-43BA8A2AAF59}.Release|Any CPU.Deploy.0 = Release|Any CPU
		{0A467885-51A2-45B2-B941-43BA8A2AAF59}.Release|iPhone.ActiveCfg = Release|Any CPU
		{0A467885-51A2-45B2-B941-43BA8A2AAF59}.Release|iPhone.Build.0 = Release|Any CPU
		{0A467885-51A2-45B2-B941-43BA8A2AAF59}.Release|iPhone.Deploy.0 = Release|Any CPU
		{0A467885-51A2-45B2-B941-43BA8A2AAF59}.Release|iPhoneSimulator.ActiveCfg = Release|Any CPU
		{0A467885-51A2-45B2-B941-43BA8A2AAF59}.Release|iPhoneSimulator.Build.0 = Release|Any CPU
		{0A467885-51A2-45B2-B941-43BA8A2AAF59}.Release|iPhoneSimulator.Deploy.0 = Release|Any CPU
		{3E4572DC-86B4-489B-BF0F-81B37218022C}.Debug|Any CPU.ActiveCfg = Debug|iPhone
		{3E4572DC-86B4-489B-BF0F-81B37218022C}.Debug|Any CPU.Build.0 = Debug|iPhone
		{3E4572DC-86B4-489B-BF0F-81B37218022C}.Debug|Any CPU.Deploy.0 = Debug|iPhone
		{3E4572DC-86B4-489B-BF0F-81B37218022C}.Debug|iPhone.ActiveCfg = Debug|iPhone
		{3E4572DC-86B4-489B-BF0F-81B37218022C}.Debug|iPhone.Build.0 = Debug|iPhone
		{3E4572DC-86B4-489B-BF0F-81B37218022C}.Debug|iPhone.Deploy.0 = Debug|iPhone
		{3E4572DC-86B4-489B-BF0F-81B37218022C}.Debug|iPhoneSimulator.ActiveCfg = Debug|iPhoneSimulator
		{3E4572DC-86B4-489B-BF0F-81B37218022C}.Debug|iPhoneSimulator.Build.0 = Debug|iPhoneSimulator
		{3E4572DC-86B4-489B-BF0F-81B37218022C}.Debug|iPhoneSimulator.Deploy.0 = Debug|iPhoneSimulator
		{3E4572DC-86B4-489B-BF0F-81B37218022C}.Release|Any CPU.ActiveCfg = Release|iPhoneSimulator
		{3E4572DC-86B4-489B-BF0F-81B37218022C}.Release|Any CPU.Build.0 = Release|iPhoneSimulator
		{3E4572DC-86B4-489B-BF0F-81B37218022C}.Release|Any CPU.Deploy.0 = Release|iPhoneSimulator
		{3E4572DC-86B4-489B-BF0F-81B37218022C}.Release|iPhone.ActiveCfg = Release|iPhone
		{3E4572DC-86B4-489B-BF0F-81B37218022C}.Release|iPhone.Build.0 = Release|iPhone
		{3E4572DC-86B4-489B-BF0F-81B37218022C}.Release|iPhone.Deploy.0 = Release|iPhone
		{3E4572DC-86B4-489B-BF0F-81B37218022C}.Release|iPhoneSimulator.ActiveCfg = Release|iPhoneSimulator
		{3E4572DC-86B4-489B-BF0F-81B37218022C}.Release|iPhoneSimulator.Build.0 = Release|iPhoneSimulator
		{3E4572DC-86B4-489B-BF0F-81B37218022C}.Release|iPhoneSimulator.Deploy.0 = Release|iPhoneSimulator
		{721F2722-514D-4A6F-BDDF-94C86257A2DE}.Debug|Any CPU.ActiveCfg = Debug|Any CPU
		{721F2722-514D-4A6F-BDDF-94C86257A2DE}.Debug|Any CPU.Build.0 = Debug|Any CPU
		{721F2722-514D-4A6F-BDDF-94C86257A2DE}.Debug|Any CPU.Deploy.0 = Debug|Any CPU
		{721F2722-514D-4A6F-BDDF-94C86257A2DE}.Debug|iPhone.ActiveCfg = Debug|Any CPU
		{721F2722-514D-4A6F-BDDF-94C86257A2DE}.Debug|iPhone.Build.0 = Debug|Any CPU
		{721F2722-514D-4A6F-BDDF-94C86257A2DE}.Debug|iPhone.Deploy.0 = Debug|Any CPU
		{721F2722-514D-4A6F-BDDF-94C86257A2DE}.Debug|iPhoneSimulator.ActiveCfg = Debug|Any CPU
		{721F2722-514D-4A6F-BDDF-94C86257A2DE}.Debug|iPhoneSimulator.Build.0 = Debug|Any CPU
		{721F2722-514D-4A6F-BDDF-94C86257A2DE}.Debug|iPhoneSimulator.Deploy.0 = Debug|Any CPU
		{721F2722-514D-4A6F-BDDF-94C86257A2DE}.Release|Any CPU.ActiveCfg = Release|Any CPU
		{721F2722-514D-4A6F-BDDF-94C86257A2DE}.Release|Any CPU.Build.0 = Release|Any CPU
		{721F2722-514D-4A6F-BDDF-94C86257A2DE}.Release|Any CPU.Deploy.0 = Release|Any CPU
		{721F2722-514D-4A6F-BDDF-94C86257A2DE}.Release|iPhone.ActiveCfg = Release|Any CPU
		{721F2722-514D-4A6F-BDDF-94C86257A2DE}.Release|iPhone.Build.0 = Release|Any CPU
		{721F2722-514D-4A6F-BDDF-94C86257A2DE}.Release|iPhone.Deploy.0 = Release|Any CPU
		{721F2722-514D-4A6F-BDDF-94C86257A2DE}.Release|iPhoneSimulator.ActiveCfg = Release|Any CPU
		{721F2722-514D-4A6F-BDDF-94C86257A2DE}.Release|iPhoneSimulator.Build.0 = Release|Any CPU
		{721F2722-514D-4A6F-BDDF-94C86257A2DE}.Release|iPhoneSimulator.Deploy.0 = Release|Any CPU
	EndGlobalSection
	GlobalSection(SolutionProperties) = preSolution
		HideSolutionNode = FALSE
	EndGlobalSection
	GlobalSection(ExtensibilityGlobals) = postSolution
		SolutionGuid = {2923E61A-3FE1-4143-B061-B1DB384EB609}
	EndGlobalSection
EndGlobal
