
Microsoft Visual Studio Solution File, Format Version 12.00
# Visual Studio Version 17
VisualStudioVersion = 17.0.32014.148
MinimumVisualStudioVersion = 10.0.40219.1
Project("{FAE04EC0-301F-11D3-BF4B-00C04F79EFBC}") = "BindingConverterDemo.Android", "BindingConverterDemo\BindingConverterDemo.Android\BindingConverterDemo.Android.csproj", "{94E2515D-6869-4931-A5DC-396ADFFC39FA}"
EndProject
Project("{FAE04EC0-301F-11D3-BF4B-00C04F79EFBC}") = "BindingConverterDemo.iOS", "BindingConverterDemo\BindingConverterDemo.iOS\BindingConverterDemo.iOS.csproj", "{6C737418-6428-4874-A9CE-11CF32AD9BC0}"
EndProject
Project("{FAE04EC0-301F-11D3-BF4B-00C04F79EFBC}") = "BindingConverterDemo", "BindingConverterDemo\BindingConverterDemo\BindingConverterDemo.csproj", "{0F5A42E2-8D1B-4D27-A46E-6961FA3CA69B}"
EndProject
Global
	GlobalSection(SolutionConfigurationPlatforms) = preSolution
		Debug|Any CPU = Debug|Any CPU
		Debug|iPhone = Debug|iPhone
		Debug|iPhoneSimulator = Debug|iPhoneSimulator
		Release|Any CPU = Release|Any CPU
		Release|iPhone = Release|iPhone
		Release|iPhoneSimulator = Release|iPhoneSimulator
	EndGlobalSection
	GlobalSection(ProjectConfigurationPlatforms) = postSolution
		{94E2515D-6869-4931-A5DC-396ADFFC39FA}.Debug|Any CPU.ActiveCfg = Debug|Any CPU
		{94E2515D-6869-4931-A5DC-396ADFFC39FA}.Debug|Any CPU.Build.0 = Debug|Any CPU
		{94E2515D-6869-4931-A5DC-396ADFFC39FA}.Debug|Any CPU.Deploy.0 = Debug|Any CPU
		{94E2515D-6869-4931-A5DC-396ADFFC39FA}.Debug|iPhone.ActiveCfg = Debug|Any CPU
		{94E2515D-6869-4931-A5DC-396ADFFC39FA}.Debug|iPhone.Build.0 = Debug|Any CPU
		{94E2515D-6869-4931-A5DC-396ADFFC39FA}.Debug|iPhone.Deploy.0 = Debug|Any CPU
		{94E2515D-6869-4931-A5DC-396ADFFC39FA}.Debug|iPhoneSimulator.ActiveCfg = Debug|Any CPU
		{94E2515D-6869-4931-A5DC-396ADFFC39FA}.Debug|iPhoneSimulator.Build.0 = Debug|Any CPU
		{94E2515D-6869-4931-A5DC-396ADFFC39FA}.Debug|iPhoneSimulator.Deploy.0 = Debug|Any CPU
		{94E2515D-6869-4931-A5DC-396ADFFC39FA}.Release|Any CPU.ActiveCfg = Release|Any CPU
		{94E2515D-6869-4931-A5DC-396ADFFC39FA}.Release|Any CPU.Build.0 = Release|Any CPU
		{94E2515D-6869-4931-A5DC-396ADFFC39FA}.Release|Any CPU.Deploy.0 = Release|Any CPU
		{94E2515D-6869-4931-A5DC-396ADFFC39FA}.Release|iPhone.ActiveCfg = Release|Any CPU
		{94E2515D-6869-4931-A5DC-396ADFFC39FA}.Release|iPhone.Build.0 = Release|Any CPU
		{94E2515D-6869-4931-A5DC-396ADFFC39FA}.Release|iPhone.Deploy.0 = Release|Any CPU
		{94E2515D-6869-4931-A5DC-396ADFFC39FA}.Release|iPhoneSimulator.ActiveCfg = Release|Any CPU
		{94E2515D-6869-4931-A5DC-396ADFFC39FA}.Release|iPhoneSimulator.Build.0 = Release|Any CPU
		{94E2515D-6869-4931-A5DC-396ADFFC39FA}.Release|iPhoneSimulator.Deploy.0 = Release|Any CPU
		{6C737418-6428-4874-A9CE-11CF32AD9BC0}.Debug|Any CPU.ActiveCfg = Debug|iPhone
		{6C737418-6428-4874-A9CE-11CF32AD9BC0}.Debug|Any CPU.Build.0 = Debug|iPhone
		{6C737418-6428-4874-A9CE-11CF32AD9BC0}.Debug|Any CPU.Deploy.0 = Debug|iPhone
		{6C737418-6428-4874-A9CE-11CF32AD9BC0}.Debug|iPhone.ActiveCfg = Debug|iPhone
		{6C737418-6428-4874-A9CE-11CF32AD9BC0}.Debug|iPhone.Build.0 = Debug|iPhone
		{6C737418-6428-4874-A9CE-11CF32AD9BC0}.Debug|iPhone.Deploy.0 = Debug|iPhone
		{6C737418-6428-4874-A9CE-11CF32AD9BC0}.Debug|iPhoneSimulator.ActiveCfg = Debug|iPhoneSimulator
		{6C737418-6428-4874-A9CE-11CF32AD9BC0}.Debug|iPhoneSimulator.Build.0 = Debug|iPhoneSimulator
		{6C737418-6428-4874-A9CE-11CF32AD9BC0}.Debug|iPhoneSimulator.Deploy.0 = Debug|iPhoneSimulator
		{6C737418-6428-4874-A9CE-11CF32AD9BC0}.Release|Any CPU.ActiveCfg = Release|iPhoneSimulator
		{6C737418-6428-4874-A9CE-11CF32AD9BC0}.Release|Any CPU.Build.0 = Release|iPhoneSimulator
		{6C737418-6428-4874-A9CE-11CF32AD9BC0}.Release|Any CPU.Deploy.0 = Release|iPhoneSimulator
		{6C737418-6428-4874-A9CE-11CF32AD9BC0}.Release|iPhone.ActiveCfg = Release|iPhone
		{6C737418-6428-4874-A9CE-11CF32AD9BC0}.Release|iPhone.Build.0 = Release|iPhone
		{6C737418-6428-4874-A9CE-11CF32AD9BC0}.Release|iPhone.Deploy.0 = Release|iPhone
		{6C737418-6428-4874-A9CE-11CF32AD9BC0}.Release|iPhoneSimulator.ActiveCfg = Release|iPhoneSimulator
		{6C737418-6428-4874-A9CE-11CF32AD9BC0}.Release|iPhoneSimulator.Build.0 = Release|iPhoneSimulator
		{6C737418-6428-4874-A9CE-11CF32AD9BC0}.Release|iPhoneSimulator.Deploy.0 = Release|iPhoneSimulator
		{0F5A42E2-8D1B-4D27-A46E-6961FA3CA69B}.Debug|Any CPU.ActiveCfg = Debug|Any CPU
		{0F5A42E2-8D1B-4D27-A46E-6961FA3CA69B}.Debug|Any CPU.Build.0 = Debug|Any CPU
		{0F5A42E2-8D1B-4D27-A46E-6961FA3CA69B}.Debug|Any CPU.Deploy.0 = Debug|Any CPU
		{0F5A42E2-8D1B-4D27-A46E-6961FA3CA69B}.Debug|iPhone.ActiveCfg = Debug|Any CPU
		{0F5A42E2-8D1B-4D27-A46E-6961FA3CA69B}.Debug|iPhone.Build.0 = Debug|Any CPU
		{0F5A42E2-8D1B-4D27-A46E-6961FA3CA69B}.Debug|iPhone.Deploy.0 = Debug|Any CPU
		{0F5A42E2-8D1B-4D27-A46E-6961FA3CA69B}.Debug|iPhoneSimulator.ActiveCfg = Debug|Any CPU
		{0F5A42E2-8D1B-4D27-A46E-6961FA3CA69B}.Debug|iPhoneSimulator.Build.0 = Debug|Any CPU
		{0F5A42E2-8D1B-4D27-A46E-6961FA3CA69B}.Debug|iPhoneSimulator.Deploy.0 = Debug|Any CPU
		{0F5A42E2-8D1B-4D27-A46E-6961FA3CA69B}.Release|Any CPU.ActiveCfg = Release|Any CPU
		{0F5A42E2-8D1B-4D27-A46E-6961FA3CA69B}.Release|Any CPU.Build.0 = Release|Any CPU
		{0F5A42E2-8D1B-4D27-A46E-6961FA3CA69B}.Release|Any CPU.Deploy.0 = Release|Any CPU
		{0F5A42E2-8D1B-4D27-A46E-6961FA3CA69B}.Release|iPhone.ActiveCfg = Release|Any CPU
		{0F5A42E2-8D1B-4D27-A46E-6961FA3CA69B}.Release|iPhone.Build.0 = Release|Any CPU
		{0F5A42E2-8D1B-4D27-A46E-6961FA3CA69B}.Release|iPhone.Deploy.0 = Release|Any CPU
		{0F5A42E2-8D1B-4D27-A46E-6961FA3CA69B}.Release|iPhoneSimulator.ActiveCfg = Release|Any CPU
		{0F5A42E2-8D1B-4D27-A46E-6961FA3CA69B}.Release|iPhoneSimulator.Build.0 = Release|Any CPU
		{0F5A42E2-8D1B-4D27-A46E-6961FA3CA69B}.Release|iPhoneSimulator.Deploy.0 = Release|Any CPU
	EndGlobalSection
	GlobalSection(SolutionProperties) = preSolution
		HideSolutionNode = FALSE
	EndGlobalSection
	GlobalSection(ExtensibilityGlobals) = postSolution
		SolutionGuid = {485D6B9C-8455-463D-B5F0-AA90B63B36B1}
	EndGlobalSection
EndGlobal
