
Microsoft Visual Studio Solution File, Format Version 12.00
# Visual Studio Version 16
VisualStudioVersion = 16.0.32126.315
MinimumVisualStudioVersion = 10.0.40219.1
Project("{FAE04EC0-301F-11D3-BF4B-00C04F79EFBC}") = "BindingDot.Android", "BindingDot.Android\BindingDot.Android.csproj", "{564E21B4-2E96-4655-8C7C-6145EBD2C4CE}"
EndProject
Project("{FAE04EC0-301F-11D3-BF4B-00C04F79EFBC}") = "BindingDot.iOS", "BindingDot.iOS\BindingDot.iOS.csproj", "{4526F608-B709-4B23-BD9B-8A6FFD9AF7AD}"
EndProject
Project("{FAE04EC0-301F-11D3-BF4B-00C04F79EFBC}") = "BindingDot", "BindingDot\BindingDot.csproj", "{22107455-E58C-4584-A467-C87501CE0CE0}"
EndProject
Global
	GlobalSection(SolutionConfigurationPlatforms) = preSolution
		Debug|Any CPU = Debug|Any CPU
		Debug|iPhone = Debug|iPhone
		Debug|iPhoneSimulator = Debug|iPhoneSimulator
		Release|Any CPU = Release|Any CPU
		Release|iPhone = Release|iPhone
		Release|iPhoneSimulator = Release|iPhoneSimulator
	EndGlobalSection
	GlobalSection(ProjectConfigurationPlatforms) = postSolution
		{564E21B4-2E96-4655-8C7C-6145EBD2C4CE}.Debug|Any CPU.ActiveCfg = Debug|Any CPU
		{564E21B4-2E96-4655-8C7C-6145EBD2C4CE}.Debug|Any CPU.Build.0 = Debug|Any CPU
		{564E21B4-2E96-4655-8C7C-6145EBD2C4CE}.Debug|Any CPU.Deploy.0 = Debug|Any CPU
		{564E21B4-2E96-4655-8C7C-6145EBD2C4CE}.Debug|iPhone.ActiveCfg = Debug|Any CPU
		{564E21B4-2E96-4655-8C7C-6145EBD2C4CE}.Debug|iPhone.Build.0 = Debug|Any CPU
		{564E21B4-2E96-4655-8C7C-6145EBD2C4CE}.Debug|iPhone.Deploy.0 = Debug|Any CPU
		{564E21B4-2E96-4655-8C7C-6145EBD2C4CE}.Debug|iPhoneSimulator.ActiveCfg = Debug|Any CPU
		{564E21B4-2E96-4655-8C7C-6145EBD2C4CE}.Debug|iPhoneSimulator.Build.0 = Debug|Any CPU
		{564E21B4-2E96-4655-8C7C-6145EBD2C4CE}.Debug|iPhoneSimulator.Deploy.0 = Debug|Any CPU
		{564E21B4-2E96-4655-8C7C-6145EBD2C4CE}.Release|Any CPU.ActiveCfg = Release|Any CPU
		{564E21B4-2E96-4655-8C7C-6145EBD2C4CE}.Release|Any CPU.Build.0 = Release|Any CPU
		{564E21B4-2E96-4655-8C7C-6145EBD2C4CE}.Release|Any CPU.Deploy.0 = Release|Any CPU
		{564E21B4-2E96-4655-8C7C-6145EBD2C4CE}.Release|iPhone.ActiveCfg = Release|Any CPU
		{564E21B4-2E96-4655-8C7C-6145EBD2C4CE}.Release|iPhone.Build.0 = Release|Any CPU
		{564E21B4-2E96-4655-8C7C-6145EBD2C4CE}.Release|iPhone.Deploy.0 = Release|Any CPU
		{564E21B4-2E96-4655-8C7C-6145EBD2C4CE}.Release|iPhoneSimulator.ActiveCfg = Release|Any CPU
		{564E21B4-2E96-4655-8C7C-6145EBD2C4CE}.Release|iPhoneSimulator.Build.0 = Release|Any CPU
		{564E21B4-2E96-4655-8C7C-6145EBD2C4CE}.Release|iPhoneSimulator.Deploy.0 = Release|Any CPU
		{4526F608-B709-4B23-BD9B-8A6FFD9AF7AD}.Debug|Any CPU.ActiveCfg = Debug|iPhone
		{4526F608-B709-4B23-BD9B-8A6FFD9AF7AD}.Debug|Any CPU.Build.0 = Debug|iPhone
		{4526F608-B709-4B23-BD9B-8A6FFD9AF7AD}.Debug|Any CPU.Deploy.0 = Debug|iPhone
		{4526F608-B709-4B23-BD9B-8A6FFD9AF7AD}.Debug|iPhone.ActiveCfg = Debug|iPhone
		{4526F608-B709-4B23-BD9B-8A6FFD9AF7AD}.Debug|iPhone.Build.0 = Debug|iPhone
		{4526F608-B709-4B23-BD9B-8A6FFD9AF7AD}.Debug|iPhone.Deploy.0 = Debug|iPhone
		{4526F608-B709-4B23-BD9B-8A6FFD9AF7AD}.Debug|iPhoneSimulator.ActiveCfg = Debug|iPhoneSimulator
		{4526F608-B709-4B23-BD9B-8A6FFD9AF7AD}.Debug|iPhoneSimulator.Build.0 = Debug|iPhoneSimulator
		{4526F608-B709-4B23-BD9B-8A6FFD9AF7AD}.Debug|iPhoneSimulator.Deploy.0 = Debug|iPhoneSimulator
		{4526F608-B709-4B23-BD9B-8A6FFD9AF7AD}.Release|Any CPU.ActiveCfg = Release|iPhoneSimulator
		{4526F608-B709-4B23-BD9B-8A6FFD9AF7AD}.Release|Any CPU.Build.0 = Release|iPhoneSimulator
		{4526F608-B709-4B23-BD9B-8A6FFD9AF7AD}.Release|Any CPU.Deploy.0 = Release|iPhoneSimulator
		{4526F608-B709-4B23-BD9B-8A6FFD9AF7AD}.Release|iPhone.ActiveCfg = Release|iPhone
		{4526F608-B709-4B23-BD9B-8A6FFD9AF7AD}.Release|iPhone.Build.0 = Release|iPhone
		{4526F608-B709-4B23-BD9B-8A6FFD9AF7AD}.Release|iPhone.Deploy.0 = Release|iPhone
		{4526F608-B709-4B23-BD9B-8A6FFD9AF7AD}.Release|iPhoneSimulator.ActiveCfg = Release|iPhoneSimulator
		{4526F608-B709-4B23-BD9B-8A6FFD9AF7AD}.Release|iPhoneSimulator.Build.0 = Release|iPhoneSimulator
		{4526F608-B709-4B23-BD9B-8A6FFD9AF7AD}.Release|iPhoneSimulator.Deploy.0 = Release|iPhoneSimulator
		{22107455-E58C-4584-A467-C87501CE0CE0}.Debug|Any CPU.ActiveCfg = Debug|Any CPU
		{22107455-E58C-4584-A467-C87501CE0CE0}.Debug|Any CPU.Build.0 = Debug|Any CPU
		{22107455-E58C-4584-A467-C87501CE0CE0}.Debug|Any CPU.Deploy.0 = Debug|Any CPU
		{22107455-E58C-4584-A467-C87501CE0CE0}.Debug|iPhone.ActiveCfg = Debug|Any CPU
		{22107455-E58C-4584-A467-C87501CE0CE0}.Debug|iPhone.Build.0 = Debug|Any CPU
		{22107455-E58C-4584-A467-C87501CE0CE0}.Debug|iPhone.Deploy.0 = Debug|Any CPU
		{22107455-E58C-4584-A467-C87501CE0CE0}.Debug|iPhoneSimulator.ActiveCfg = Debug|Any CPU
		{22107455-E58C-4584-A467-C87501CE0CE0}.Debug|iPhoneSimulator.Build.0 = Debug|Any CPU
		{22107455-E58C-4584-A467-C87501CE0CE0}.Debug|iPhoneSimulator.Deploy.0 = Debug|Any CPU
		{22107455-E58C-4584-A467-C87501CE0CE0}.Release|Any CPU.ActiveCfg = Release|Any CPU
		{22107455-E58C-4584-A467-C87501CE0CE0}.Release|Any CPU.Build.0 = Release|Any CPU
		{22107455-E58C-4584-A467-C87501CE0CE0}.Release|Any CPU.Deploy.0 = Release|Any CPU
		{22107455-E58C-4584-A467-C87501CE0CE0}.Release|iPhone.ActiveCfg = Release|Any CPU
		{22107455-E58C-4584-A467-C87501CE0CE0}.Release|iPhone.Build.0 = Release|Any CPU
		{22107455-E58C-4584-A467-C87501CE0CE0}.Release|iPhone.Deploy.0 = Release|Any CPU
		{22107455-E58C-4584-A467-C87501CE0CE0}.Release|iPhoneSimulator.ActiveCfg = Release|Any CPU
		{22107455-E58C-4584-A467-C87501CE0CE0}.Release|iPhoneSimulator.Build.0 = Release|Any CPU
		{22107455-E58C-4584-A467-C87501CE0CE0}.Release|iPhoneSimulator.Deploy.0 = Release|Any CPU
	EndGlobalSection
	GlobalSection(SolutionProperties) = preSolution
		HideSolutionNode = FALSE
	EndGlobalSection
	GlobalSection(ExtensibilityGlobals) = postSolution
		SolutionGuid = {A6622D72-12DC-4C35-8425-12E242717930}
	EndGlobalSection
EndGlobal
